
Microsoft Visual Studio Solution File, Format Version 12.00
# Visual Studio Version 16
VisualStudioVersion = 16.0.31424.327
MinimumVisualStudioVersion = 10.0.40219.1
Project("{FAE04EC0-301F-11D3-BF4B-00C04F79EFBC}") = "KayakUIAutomation", "KayakUIAutomation\KayakUIAutomation.csproj", "{A7D5A55D-D2A1-429C-8969-4FEACF5E314B}"
EndProject
Global
	GlobalSection(SolutionConfigurationPlatforms) = preSolution
		Debug|Any CPU = Debug|Any CPU
		Release|Any CPU = Release|Any CPU
	EndGlobalSection
	GlobalSection(ProjectConfigurationPlatforms) = postSolution
		{A7D5A55D-D2A1-429C-8969-4FEACF5E314B}.Debug|Any CPU.ActiveCfg = Debug|Any CPU
		{A7D5A55D-D2A1-429C-8969-4FEACF5E314B}.Debug|Any CPU.Build.0 = Debug|Any CPU
		{A7D5A55D-D2A1-429C-8969-4FEACF5E314B}.Release|Any CPU.ActiveCfg = Release|Any CPU
		{A7D5A55D-D2A1-429C-8969-4FEACF5E314B}.Release|Any CPU.Build.0 = Release|Any CPU
	EndGlobalSection
	GlobalSection(SolutionProperties) = preSolution
		HideSolutionNode = FALSE
	EndGlobalSection
	GlobalSection(ExtensibilityGlobals) = postSolution
		SolutionGuid = {14994BD1-6467-4749-907C-1016F045D12B}
	EndGlobalSection
EndGlobal
